
Microsoft Visual Studio Solution File, Format Version 12.00
# Visual Studio Version 17
VisualStudioVersion = 17.8.34408.163
MinimumVisualStudioVersion = 10.0.40219.1
Project("{9A19103F-16F7-4668-BE54-9A1E7A4F7556}") = "MovieApi", "MovieApi\MovieApi.csproj", "{81F269D8-A9CB-4EE2-81C2-E67AC138B3CA}"
EndProject
Project("{FAE04EC0-301F-11D3-BF4B-00C04F79EFBC}") = "Movie.INFARSTRUTURE", "Movie.INFARSTRUTURE\Movie.INFARSTRUTURE.csproj", "{CF5F5511-E10B-48DE-AF0E-B875D469A360}"
EndProject
Project("{FAE04EC0-301F-11D3-BF4B-00C04F79EFBC}") = "Movie.SERVICES", "Movie.SERVICES\Movie.SERVICES.csproj", "{63C64F05-80AF-456F-8FB4-EE430C865B90}"
EndProject
Global
	GlobalSection(SolutionConfigurationPlatforms) = preSolution
		Debug|Any CPU = Debug|Any CPU
		Release|Any CPU = Release|Any CPU
	EndGlobalSection
	GlobalSection(ProjectConfigurationPlatforms) = postSolution
		{81F269D8-A9CB-4EE2-81C2-E67AC138B3CA}.Debug|Any CPU.ActiveCfg = Debug|Any CPU
		{81F269D8-A9CB-4EE2-81C2-E67AC138B3CA}.Debug|Any CPU.Build.0 = Debug|Any CPU
		{81F269D8-A9CB-4EE2-81C2-E67AC138B3CA}.Release|Any CPU.ActiveCfg = Release|Any CPU
		{81F269D8-A9CB-4EE2-81C2-E67AC138B3CA}.Release|Any CPU.Build.0 = Release|Any CPU
		{CF5F5511-E10B-48DE-AF0E-B875D469A360}.Debug|Any CPU.ActiveCfg = Debug|Any CPU
		{CF5F5511-E10B-48DE-AF0E-B875D469A360}.Debug|Any CPU.Build.0 = Debug|Any CPU
		{CF5F5511-E10B-48DE-AF0E-B875D469A360}.Release|Any CPU.ActiveCfg = Release|Any CPU
		{CF5F5511-E10B-48DE-AF0E-B875D469A360}.Release|Any CPU.Build.0 = Release|Any CPU
		{63C64F05-80AF-456F-8FB4-EE430C865B90}.Debug|Any CPU.ActiveCfg = Debug|Any CPU
		{63C64F05-80AF-456F-8FB4-EE430C865B90}.Debug|Any CPU.Build.0 = Debug|Any CPU
		{63C64F05-80AF-456F-8FB4-EE430C865B90}.Release|Any CPU.ActiveCfg = Release|Any CPU
		{63C64F05-80AF-456F-8FB4-EE430C865B90}.Release|Any CPU.Build.0 = Release|Any CPU
	EndGlobalSection
	GlobalSection(SolutionProperties) = preSolution
		HideSolutionNode = FALSE
	EndGlobalSection
	GlobalSection(ExtensibilityGlobals) = postSolution
		SolutionGuid = {A9B1AAB5-36D0-42A2-A3A6-5966F9C943F8}
	EndGlobalSection
EndGlobal
